# This file is automatically @generated by Poetry 1.6.1 and should not be changed by hand.

[[package]]
name = "aenum"
version = "3.1.15"
description = "Advanced Enumerations (compatible with Python's stdlib Enum), NamedTuples, and NamedConstants"
optional = false
python-versions = "*"
files = [
    {file = "aenum-3.1.15-py2-none-any.whl", hash = "sha256:27b1710b9d084de6e2e695dab78fe9f269de924b51ae2850170ee7e1ca6288a5"},
    {file = "aenum-3.1.15-py3-none-any.whl", hash = "sha256:e0dfaeea4c2bd362144b87377e2c61d91958c5ed0b4daf89cb6f45ae23af6288"},
    {file = "aenum-3.1.15.tar.gz", hash = "sha256:8cbd76cd18c4f870ff39b24284d3ea028fbe8731a58df3aa581e434c575b9559"},
]
[[package]]
name = "e2b"
version = "0.14.13"
description = "E2B SDK that give agents cloud environments"
optional = false
python-versions = "<4.0,>=3.8"
files = [
    {file = "e2b-0.14.13-py3-none-any.whl", hash = "sha256:321bef60d427b967e41d550b98575b6488dabf495bb952de16c580211fe8d888"},
    {file = "e2b-0.14.13.tar.gz", hash = "sha256:2e09e24a390725b4bb21e79f33e98a9ad77ce1ea8c694ef158cd78ba6ff001a3"},
]

[package.dependencies]
aenum = ">=3.1.11"
aiohttp = ">=3.8.4"
jsonrpcclient = ">=4.0.3"
pydantic = "*"
python-dateutil = ">=2.8.2"
requests = ">=2.31.0"
typing-extensions = ">=4.8.0"
urllib3 = ">=1.25.3"
websockets = ">=11.0.3"

[[package]]
name = "jsonrpcclient"
version = "4.0.3"
description = "Send JSON-RPC requests"
optional = false
python-versions = ">=3.6"
files = [
    {file = "jsonrpcclient-4.0.3-py3-none-any.whl", hash = "sha256:3cbb9e27e1be29821becf135ea183144a836215422727e1ffe5056a49a670f0d"},
]

[package.extras]
qa = ["pytest", "pytest-cov", "tox"]

    {file = "pandas-2.2.2-cp310-cp310-macosx_11_0_arm64.whl", hash = "sha256:c7adfc142dac335d8c1e0dcbd37eb8617eac386596eb9e1a1b77791cf2498238"},
    {file = "pandas-2.2.2-cp39-cp39-macosx_11_0_arm64.whl", hash = "sha256:9057e6aa78a584bc93a13f0a9bf7e753a5e9770a30b4d758b8d5f2a62a9433cd"},
content-hash = "277121a08f7a6748e8dee0f6d14a5eb93804351fa908b0b642b20a1d51a39c02"