"@cspell/cspell-bundled-dicts@8.4.0":
  version "8.4.0"
  resolved "https://registry.yarnpkg.com/@cspell/cspell-bundled-dicts/-/cspell-bundled-dicts-8.4.0.tgz#e027f5d45fb1563697a05de406956bbebad82423"
  integrity sha512-eaDE8sen039fD8dCGQ3Hu6N4DWu/ZBuQocXhrx+8yfBEM1YaBsubKGdQUZrDGFcHenvaFJPq6aH84t3guYaVgA==
    "@cspell/dict-companies" "^3.0.31"
    "@cspell/dict-cpp" "^5.1.3"
    "@cspell/dict-en_us" "^4.3.16"
    "@cspell/dict-gaming-terms" "^1.0.5"
    "@cspell/dict-npm" "^5.0.15"
    "@cspell/dict-php" "^4.0.6"
    "@cspell/dict-rust" "^4.0.2"
    "@cspell/dict-software-terms" "^3.3.18"
"@cspell/cspell-json-reporter@8.4.0":
  version "8.4.0"
  resolved "https://registry.yarnpkg.com/@cspell/cspell-json-reporter/-/cspell-json-reporter-8.4.0.tgz#cc72f19740350f08e38ed5cf2861ac6679fdb226"
  integrity sha512-JH2qufHilC6xduDONe1QKHwA3a1ST+Nz+q+Vd0nUHZ53OBgk59vH9YfNk90ikjm/Cfocs/Wrz7TX2di1n8bHsA==
    "@cspell/cspell-types" "8.4.0"
"@cspell/cspell-pipe@8.4.0":
  version "8.4.0"
  resolved "https://registry.yarnpkg.com/@cspell/cspell-pipe/-/cspell-pipe-8.4.0.tgz#4ededc06eef69cee1307f6773c21ddf179ab1ea1"
  integrity sha512-qHd01Lenjmipybt9CsfZcjEeU1aTsp0TpKmuxT+ixJ+fEYc/dfPyBxsCreKSo8jXw6GTkj86g3vcnhKc/QH5BQ==
"@cspell/cspell-resolver@8.4.0":
  version "8.4.0"
  resolved "https://registry.yarnpkg.com/@cspell/cspell-resolver/-/cspell-resolver-8.4.0.tgz#10793d7a21ac643a249882ab3de2ec1cadfb4628"
  integrity sha512-2WOuYzroYxXbrosYcbu2xpJZQU7ILOj57/dmlFu/3Z+bNnao/CfJ5aiRarqQrwA8qvCqQbAZPjJwf725IiO0lA==
"@cspell/cspell-service-bus@8.4.0":
  version "8.4.0"
  resolved "https://registry.yarnpkg.com/@cspell/cspell-service-bus/-/cspell-service-bus-8.4.0.tgz#2a43d5f2d67a2e07c688263143004394dad17ec0"
  integrity sha512-vl4iVrHW8kYa8LIDx7aMMX9q67w9Es4QiemWXlOObaOKNS95NBvQdE8r9x2wBKCGpZyMG5n6Nafla5mG9Bcpsg==
"@cspell/cspell-types@8.4.0":
  version "8.4.0"
  resolved "https://registry.yarnpkg.com/@cspell/cspell-types/-/cspell-types-8.4.0.tgz#04cf3f69e101323623c6fee28e87d3e6e5719319"
  integrity sha512-bxt1cX9hDiQ7E/ZvLv4Oq4jBPsEGzI5dH+EJ5NQOy64Edc92X7WLTYbMgu3t7cxkkwVnc7Iv48uBUdJrFsc9Ig==
"@cspell/dict-companies@^3.0.31":
"@cspell/dict-cpp@^5.1.3":
"@cspell/dict-en_us@^4.3.16":
"@cspell/dict-gaming-terms@^1.0.5":
"@cspell/dict-npm@^5.0.15":
"@cspell/dict-php@^4.0.6":
"@cspell/dict-rust@^4.0.2":
"@cspell/dict-software-terms@^3.3.18":
"@cspell/dynamic-import@8.4.0":
  version "8.4.0"
  resolved "https://registry.yarnpkg.com/@cspell/dynamic-import/-/dynamic-import-8.4.0.tgz#7b36724ff6671c4c51e821897e56c004adf95412"
  integrity sha512-GV6LFOsNvtBpMLY5a087YyHqehe1+a3mH+LvAwYO5gBZvh9te/rHx14e6/shEYNh59mM24lm7MLCaHhmP8dhyQ==
"@cspell/strong-weak-map@8.4.0":
  version "8.4.0"
  resolved "https://registry.yarnpkg.com/@cspell/strong-weak-map/-/strong-weak-map-8.4.0.tgz#5ec08fd969dea90fb2da4bda903e943f63740041"
  integrity sha512-R/fWW9S3oypKOTkxRZeJqcWl4f+v5w8Bejaj5rcRwztwAM/xdOGSelGhPdNnTazciINegbmTa4XiurUCN9E8Mg==
"@esbuild/aix-ppc64@0.20.1":
  version "0.20.1"
  resolved "https://registry.yarnpkg.com/@esbuild/aix-ppc64/-/aix-ppc64-0.20.1.tgz#eafa8775019b3650a77e8310ba4dbd17ca7af6d5"
  integrity sha512-m55cpeupQ2DbuRGQMMZDzbv9J9PgVelPjlcmM5kxHnrBdBx6REaEd7LamYV7Dm8N7rCyR/XwU6rVP8ploKtIkA==
"@esbuild/android-arm64@0.20.1":
  version "0.20.1"
  resolved "https://registry.yarnpkg.com/@esbuild/android-arm64/-/android-arm64-0.20.1.tgz#68791afa389550736f682c15b963a4f37ec2f5f6"
  integrity sha512-hCnXNF0HM6AjowP+Zou0ZJMWWa1VkD77BXe959zERgGJBBxB+sV+J9f/rcjeg2c5bsukD/n17RKWXGFCO5dD5A==
"@esbuild/android-arm@0.20.1":
  version "0.20.1"
  resolved "https://registry.yarnpkg.com/@esbuild/android-arm/-/android-arm-0.20.1.tgz#38c91d8ee8d5196f7fbbdf4f0061415dde3a473a"
  integrity sha512-4j0+G27/2ZXGWR5okcJi7pQYhmkVgb4D7UKwxcqrjhvp5TKWx3cUjgB1CGj1mfdmJBQ9VnUGgUhign+FPF2Zgw==
"@esbuild/android-x64@0.20.1":
  version "0.20.1"
  resolved "https://registry.yarnpkg.com/@esbuild/android-x64/-/android-x64-0.20.1.tgz#93f6190ce997b313669c20edbf3645fc6c8d8f22"
  integrity sha512-MSfZMBoAsnhpS+2yMFYIQUPs8Z19ajwfuaSZx+tSl09xrHZCjbeXXMsUF/0oq7ojxYEpsSo4c0SfjxOYXRbpaA==
"@esbuild/darwin-arm64@0.20.1":
  version "0.20.1"
  resolved "https://registry.yarnpkg.com/@esbuild/darwin-arm64/-/darwin-arm64-0.20.1.tgz#0d391f2e81fda833fe609182cc2fbb65e03a3c46"
  integrity sha512-Ylk6rzgMD8klUklGPzS414UQLa5NPXZD5tf8JmQU8GQrj6BrFA/Ic9tb2zRe1kOZyCbGl+e8VMbDRazCEBqPvA==
"@esbuild/darwin-x64@0.20.1":
  version "0.20.1"
  resolved "https://registry.yarnpkg.com/@esbuild/darwin-x64/-/darwin-x64-0.20.1.tgz#92504077424584684862f483a2242cfde4055ba2"
  integrity sha512-pFIfj7U2w5sMp52wTY1XVOdoxw+GDwy9FsK3OFz4BpMAjvZVs0dT1VXs8aQm22nhwoIWUmIRaE+4xow8xfIDZA==
"@esbuild/freebsd-arm64@0.20.1":
  version "0.20.1"
  resolved "https://registry.yarnpkg.com/@esbuild/freebsd-arm64/-/freebsd-arm64-0.20.1.tgz#a1646fa6ba87029c67ac8a102bb34384b9290774"
  integrity sha512-UyW1WZvHDuM4xDz0jWun4qtQFauNdXjXOtIy7SYdf7pbxSWWVlqhnR/T2TpX6LX5NI62spt0a3ldIIEkPM6RHw==
"@esbuild/freebsd-x64@0.20.1":
  version "0.20.1"
  resolved "https://registry.yarnpkg.com/@esbuild/freebsd-x64/-/freebsd-x64-0.20.1.tgz#41c9243ab2b3254ea7fb512f71ffdb341562e951"
  integrity sha512-itPwCw5C+Jh/c624vcDd9kRCCZVpzpQn8dtwoYIt2TJF3S9xJLiRohnnNrKwREvcZYx0n8sCSbvGH349XkcQeg==
"@esbuild/linux-arm64@0.20.1":
  version "0.20.1"
  resolved "https://registry.yarnpkg.com/@esbuild/linux-arm64/-/linux-arm64-0.20.1.tgz#f3c1e1269fbc9eedd9591a5bdd32bf707a883156"
  integrity sha512-cX8WdlF6Cnvw/DO9/X7XLH2J6CkBnz7Twjpk56cshk9sjYVcuh4sXQBy5bmTwzBjNVZze2yaV1vtcJS04LbN8w==
"@esbuild/linux-arm@0.20.1":
  version "0.20.1"
  resolved "https://registry.yarnpkg.com/@esbuild/linux-arm/-/linux-arm-0.20.1.tgz#4503ca7001a8ee99589c072801ce9d7540717a21"
  integrity sha512-LojC28v3+IhIbfQ+Vu4Ut5n3wKcgTu6POKIHN9Wpt0HnfgUGlBuyDDQR4jWZUZFyYLiz4RBBBmfU6sNfn6RhLw==
"@esbuild/linux-ia32@0.20.1":
  version "0.20.1"
  resolved "https://registry.yarnpkg.com/@esbuild/linux-ia32/-/linux-ia32-0.20.1.tgz#98c474e3e0cbb5bcbdd8561a6e65d18f5767ce48"
  integrity sha512-4H/sQCy1mnnGkUt/xszaLlYJVTz3W9ep52xEefGtd6yXDQbz/5fZE5dFLUgsPdbUOQANcVUa5iO6g3nyy5BJiw==
"@esbuild/linux-loong64@0.20.1":
  version "0.20.1"
  resolved "https://registry.yarnpkg.com/@esbuild/linux-loong64/-/linux-loong64-0.20.1.tgz#a8097d28d14b9165c725fe58fc438f80decd2f33"
  integrity sha512-c0jgtB+sRHCciVXlyjDcWb2FUuzlGVRwGXgI+3WqKOIuoo8AmZAddzeOHeYLtD+dmtHw3B4Xo9wAUdjlfW5yYA==
"@esbuild/linux-mips64el@0.20.1":
  version "0.20.1"
  resolved "https://registry.yarnpkg.com/@esbuild/linux-mips64el/-/linux-mips64el-0.20.1.tgz#c44f6f0d7d017c41ad3bb15bfdb69b690656b5ea"
  integrity sha512-TgFyCfIxSujyuqdZKDZ3yTwWiGv+KnlOeXXitCQ+trDODJ+ZtGOzLkSWngynP0HZnTsDyBbPy7GWVXWaEl6lhA==
"@esbuild/linux-ppc64@0.20.1":
  version "0.20.1"
  resolved "https://registry.yarnpkg.com/@esbuild/linux-ppc64/-/linux-ppc64-0.20.1.tgz#0765a55389a99237b3c84227948c6e47eba96f0d"
  integrity sha512-b+yuD1IUeL+Y93PmFZDZFIElwbmFfIKLKlYI8M6tRyzE6u7oEP7onGk0vZRh8wfVGC2dZoy0EqX1V8qok4qHaw==
"@esbuild/linux-riscv64@0.20.1":
  version "0.20.1"
  resolved "https://registry.yarnpkg.com/@esbuild/linux-riscv64/-/linux-riscv64-0.20.1.tgz#e4153b032288e3095ddf4c8be07893781b309a7e"
  integrity sha512-wpDlpE0oRKZwX+GfomcALcouqjjV8MIX8DyTrxfyCfXxoKQSDm45CZr9fanJ4F6ckD4yDEPT98SrjvLwIqUCgg==
"@esbuild/linux-s390x@0.20.1":
  version "0.20.1"
  resolved "https://registry.yarnpkg.com/@esbuild/linux-s390x/-/linux-s390x-0.20.1.tgz#b9ab8af6e4b73b26d63c1c426d7669a5d53eb5a7"
  integrity sha512-5BepC2Au80EohQ2dBpyTquqGCES7++p7G+7lXe1bAIvMdXm4YYcEfZtQrP4gaoZ96Wv1Ute61CEHFU7h4FMueQ==
"@esbuild/linux-x64@0.20.1":
  version "0.20.1"
  resolved "https://registry.yarnpkg.com/@esbuild/linux-x64/-/linux-x64-0.20.1.tgz#0b25da17ac38c3e11cdd06ca3691d4d6bef2755f"
  integrity sha512-5gRPk7pKuaIB+tmH+yKd2aQTRpqlf1E4f/mC+tawIm/CGJemZcHZpp2ic8oD83nKgUPMEd0fNanrnFljiruuyA==
"@esbuild/netbsd-x64@0.20.1":
  version "0.20.1"
  resolved "https://registry.yarnpkg.com/@esbuild/netbsd-x64/-/netbsd-x64-0.20.1.tgz#3148e48406cd0d4f7ba1e0bf3f4d77d548c98407"
  integrity sha512-4fL68JdrLV2nVW2AaWZBv3XEm3Ae3NZn/7qy2KGAt3dexAgSVT+Hc97JKSZnqezgMlv9x6KV0ZkZY7UO5cNLCg==
"@esbuild/openbsd-x64@0.20.1":
  version "0.20.1"
  resolved "https://registry.yarnpkg.com/@esbuild/openbsd-x64/-/openbsd-x64-0.20.1.tgz#7b73e852986a9750192626d377ac96ac2b749b76"
  integrity sha512-GhRuXlvRE+twf2ES+8REbeCb/zeikNqwD3+6S5y5/x+DYbAQUNl0HNBs4RQJqrechS4v4MruEr8ZtAin/hK5iw==
"@esbuild/sunos-x64@0.20.1":
  version "0.20.1"
  resolved "https://registry.yarnpkg.com/@esbuild/sunos-x64/-/sunos-x64-0.20.1.tgz#402a441cdac2eee98d8be378c7bc23e00c1861c5"
  integrity sha512-ZnWEyCM0G1Ex6JtsygvC3KUUrlDXqOihw8RicRuQAzw+c4f1D66YlPNNV3rkjVW90zXVsHwZYWbJh3v+oQFM9Q==
"@esbuild/win32-arm64@0.20.1":
  version "0.20.1"
  resolved "https://registry.yarnpkg.com/@esbuild/win32-arm64/-/win32-arm64-0.20.1.tgz#36c4e311085806a6a0c5fc54d1ac4d7b27e94d7b"
  integrity sha512-QZ6gXue0vVQY2Oon9WyLFCdSuYbXSoxaZrPuJ4c20j6ICedfsDilNPYfHLlMH7vGfU5DQR0czHLmJvH4Nzis/A==
"@esbuild/win32-ia32@0.20.1":
  version "0.20.1"
  resolved "https://registry.yarnpkg.com/@esbuild/win32-ia32/-/win32-ia32-0.20.1.tgz#0cf933be3fb9dc58b45d149559fe03e9e22b54fe"
  integrity sha512-HzcJa1NcSWTAU0MJIxOho8JftNp9YALui3o+Ny7hCh0v5f90nprly1U3Sj1Ldj/CvKKdvvFsCRvDkpsEMp4DNw==
"@esbuild/win32-x64@0.20.1":
  version "0.20.1"
  resolved "https://registry.yarnpkg.com/@esbuild/win32-x64/-/win32-x64-0.20.1.tgz#77583b6ea54cee7c1410ebbd54051b6a3fcbd8ba"
  integrity sha512-0MBh53o6XtI6ctDnRMeQ+xoCN8kD2qI1rY1KgF/xdWQwoFeKou7puvDfV8/Wv4Ctx2rRpET/gGdz3YlNtNACSA==
"@supabase/functions-js@2.1.5":
  version "2.1.5"
  resolved "https://registry.yarnpkg.com/@supabase/functions-js/-/functions-js-2.1.5.tgz#ed1b85f499dfda21d40fe39b86ab923117cb572b"
  integrity sha512-BNzC5XhCzzCaggJ8s53DP+WeHHGT/NfTsx2wUSSGKR2/ikLFQTBCDzMvGz/PxYMqRko/LwncQtKXGOYp1PkPaw==
  dependencies:
    "@supabase/node-fetch" "^2.6.14"

"@supabase/gotrue-js@2.62.2":
  version "2.62.2"
  resolved "https://registry.yarnpkg.com/@supabase/gotrue-js/-/gotrue-js-2.62.2.tgz#9f15a451559d71475c953aa0027e1248b0210196"
  integrity sha512-AP6e6W9rQXFTEJ7sTTNYQrNf0LCcnt1hUW+RIgUK+Uh3jbWvcIST7wAlYyNZiMlS9+PYyymWQ+Ykz/rOYSO0+A==
  dependencies:
    "@supabase/node-fetch" "^2.6.14"

"@supabase/node-fetch@2.6.15", "@supabase/node-fetch@^2.6.14":
  version "2.6.15"
  resolved "https://registry.yarnpkg.com/@supabase/node-fetch/-/node-fetch-2.6.15.tgz#731271430e276983191930816303c44159e7226c"
  integrity sha512-1ibVeYUacxWYi9i0cf5efil6adJ9WRyZBLivgjs+AUpewx1F3xPi7gLgaASI2SmIQxPoCEjAsLAzKPgMJVgOUQ==
  dependencies:
    whatwg-url "^5.0.0"

"@supabase/postgrest-js@1.9.2":
  version "1.9.2"
  resolved "https://registry.yarnpkg.com/@supabase/postgrest-js/-/postgrest-js-1.9.2.tgz#39c839022ce73f4eb5da6fb7724fb6a6392150c7"
  integrity sha512-I6yHo8CC9cxhOo6DouDMy9uOfW7hjdsnCxZiaJuIVZm1dBGTFiQPgfMa9zXCamEWzNyWRjZvupAUuX+tqcl5Sw==
  dependencies:
    "@supabase/node-fetch" "^2.6.14"

"@supabase/realtime-js@2.9.3":
  version "2.9.3"
  resolved "https://registry.yarnpkg.com/@supabase/realtime-js/-/realtime-js-2.9.3.tgz#f822401aed70883dca5d538179b11089d6d1b6ed"
  integrity sha512-lAp50s2n3FhGJFq+wTSXLNIDPw5Y0Wxrgt44eM5nLSA3jZNUUP3Oq2Ccd1CbZdVntPCWLZvJaU//pAd2NE+QnQ==
  dependencies:
    "@supabase/node-fetch" "^2.6.14"
    "@types/phoenix" "^1.5.4"
    "@types/ws" "^8.5.10"
    ws "^8.14.2"

"@supabase/storage-js@2.5.5":
  version "2.5.5"
  resolved "https://registry.yarnpkg.com/@supabase/storage-js/-/storage-js-2.5.5.tgz#2958e2a2cec8440e605bb53bd36649288c4dfa01"
  integrity sha512-OpLoDRjFwClwc2cjTJZG8XviTiQH4Ik8sCiMK5v7et0MDu2QlXjCAW3ljxJB5+z/KazdMOTnySi+hysxWUPu3w==
  dependencies:
    "@supabase/node-fetch" "^2.6.14"

"@supabase/supabase-js@2.39.7":
  version "2.39.7"
  resolved "https://registry.yarnpkg.com/@supabase/supabase-js/-/supabase-js-2.39.7.tgz#61c3277a94bd9fd0574b39ecdf4fecffd73a139c"
  integrity sha512-1vxsX10Uhc2b+Dv9pRjBjHfqmw2N2h1PyTg9LEfICR3x2xwE24By1MGCjDZuzDKH5OeHCsf4it6K8KRluAAEXA==
  dependencies:
    "@supabase/functions-js" "2.1.5"
    "@supabase/gotrue-js" "2.62.2"
    "@supabase/node-fetch" "2.6.15"
    "@supabase/postgrest-js" "1.9.2"
    "@supabase/realtime-js" "2.9.3"
    "@supabase/storage-js" "2.5.5"

"@types/node@*", "@types/node@^20.11.19":
"@types/phoenix@^1.5.4":
  version "1.6.4"
  resolved "https://registry.yarnpkg.com/@types/phoenix/-/phoenix-1.6.4.tgz#cceac93a827555473ad38057d1df7d06eef1ed71"
  integrity sha512-B34A7uot1Cv0XtaHRYDATltAdKx0BvVKNgYNqE4WjtPUa4VQJM7kxeXcVKaH+KS+kCmZ+6w+QaUdcljiheiBJA==

"@types/ws@^8.5.10":
  version "8.5.10"
  resolved "https://registry.yarnpkg.com/@types/ws/-/ws-8.5.10.tgz#4acfb517970853fa6574a3a6886791d04a396787"
  integrity sha512-vmQSUcfalpIq0R9q7uTo2lXs6eGIpt9wtnLdMv9LVpIjCA/+ufZRozlVoVelIYixx1ugCBKDhn89vnsEGOCx9A==
  dependencies:
    "@types/node" "*"

array-buffer-byte-length@^1.0.0:
  version "1.0.0"
  resolved "https://registry.yarnpkg.com/array-buffer-byte-length/-/array-buffer-byte-length-1.0.0.tgz#fabe8bc193fea865f317fe7807085ee0dee5aead"
  integrity sha512-LPuwb2P+NrQw3XhxGc36+XSvuBPopovXYTR9Ew++Du9Yb/bx5AzBfrIsBoj0EZUifjQU+sHL21sseZ3jerWO/A==
    call-bind "^1.0.2"
    is-array-buffer "^3.0.1"
arraybuffer.prototype.slice@^1.0.2:
  version "1.0.2"
  resolved "https://registry.yarnpkg.com/arraybuffer.prototype.slice/-/arraybuffer.prototype.slice-1.0.2.tgz#98bd561953e3e74bb34938e77647179dfe6e9f12"
  integrity sha512-yMBKppFur/fbHu9/6USUe03bZ4knMYiwFBcyiaXB8Go0qNehwX6inYPzK9U0NeQvGxKthcmHcaR8P5MStSRBAw==
    array-buffer-byte-length "^1.0.0"
    call-bind "^1.0.2"
    define-properties "^1.2.0"
    es-abstract "^1.22.1"
    get-intrinsic "^1.2.1"
    is-array-buffer "^3.0.2"
available-typed-arrays@^1.0.5:
  version "1.0.5"
  resolved "https://registry.yarnpkg.com/available-typed-arrays/-/available-typed-arrays-1.0.5.tgz#92f95616501069d07d10edb2fc37d3e1c65123b7"
  integrity sha512-DMD0KiN46eipeziST1LPP/STfDU0sufISXmjSgvVsoU2tqxctQeASejWcfNtxYKqETM1UxQ8sp2OrSBWpHY6sw==
call-bind@^1.0.0, call-bind@^1.0.2, call-bind@^1.0.4, call-bind@^1.0.5:
  version "1.0.5"
  resolved "https://registry.yarnpkg.com/call-bind/-/call-bind-1.0.5.tgz#6fa2b7845ce0ea49bf4d8b9ef64727a2c2e2e513"
  integrity sha512-C3nQxfFZxFRVoJoGKKI8y3MOEo129NQ+FgQ08iye+Mk4zNZZGdjfs06bVTr+DBSlA66Q2VEcMki/cUCP4SercQ==
    get-intrinsic "^1.2.1"
    set-function-length "^1.1.1"
commander@11.1.0:
commander@^12.0.0:
  version "12.0.0"
  resolved "https://registry.yarnpkg.com/commander/-/commander-12.0.0.tgz#b929db6df8546080adfd004ab215ed48cf6f2592"
  integrity sha512-MwVNWlYjDTtOjX5PiD7o5pK0UrFU/OYgcJfjjK4RaHZETNtjJqrZa9Y9ds88+A+f+d5lv+561eZ+yCKoS3gbAA==

cspell-config-lib@8.4.0:
  version "8.4.0"
  resolved "https://registry.yarnpkg.com/cspell-config-lib/-/cspell-config-lib-8.4.0.tgz#f04a3451552803f8732d29aa5c7c46051ffbaa16"
  integrity sha512-lgvQrsOKTPfwjtkkyPTPQ/oC1y80wdSRqW9aiDl5OGVr6sGZz5lUC5oIHcu6jUOfiR7/CNPhIlVQ01faIW/5IA==
    "@cspell/cspell-types" "8.4.0"
cspell-dictionary@8.4.0:
  version "8.4.0"
  resolved "https://registry.yarnpkg.com/cspell-dictionary/-/cspell-dictionary-8.4.0.tgz#f4fa1efe05db918949b6cafc4762ed8de9d79e2b"
  integrity sha512-eibij29R+1IjdsFAkboMtcfiRxBc+uOcNevJNQmVkU8Mwlx2gUopG8e+a22P4b6ufFrBT6S+/UsGBZtHky+eew==
    "@cspell/cspell-pipe" "8.4.0"
    "@cspell/cspell-types" "8.4.0"
    cspell-trie-lib "8.4.0"
cspell-gitignore@8.4.0:
  version "8.4.0"
  resolved "https://registry.yarnpkg.com/cspell-gitignore/-/cspell-gitignore-8.4.0.tgz#dc3e09eab978f642fdaf1a29558103269a5ee05f"
  integrity sha512-azFZRA04yXZlXUztgbtjhKk4ddKI3yEMz+wMN4yIhDYRG+rwQyng0tIv5b/Hw26ptDFBrW9Vnec9rnSXHzkVWA==
    cspell-glob "8.4.0"
cspell-glob@8.4.0:
  version "8.4.0"
  resolved "https://registry.yarnpkg.com/cspell-glob/-/cspell-glob-8.4.0.tgz#df91265911c96d6fba34e6a844717a2ad76fd225"
  integrity sha512-3KuqpdiDkLCUdjCEyXhyUyFgRlrF/LbGoQO5J8ZnO8hLQDxyaW/3sDRCp0q9Ec6HF+0C1/ECOdulx7C0VRcOMw==
cspell-grammar@8.4.0:
  version "8.4.0"
  resolved "https://registry.yarnpkg.com/cspell-grammar/-/cspell-grammar-8.4.0.tgz#a8ceddd17ae29e087b8c59989ae0e3c4cf4ff098"
  integrity sha512-0p7E55v9C9El2/jKrenEtOYVj3Rl+FeEM9QcJBxQ6IYX/7QnoCLth09/BacaZmQfawxzkPtRoXbwhH5472vAgw==
    "@cspell/cspell-pipe" "8.4.0"
    "@cspell/cspell-types" "8.4.0"
cspell-io@8.4.0:
  version "8.4.0"
  resolved "https://registry.yarnpkg.com/cspell-io/-/cspell-io-8.4.0.tgz#19151e4732cbb2912476680016fdd9a4746c4e6c"
  integrity sha512-CvC5XMJ4ENkdSZdhtJ6aJ7jez0PF9bAT0lGrSyGYId8fXS+lZ1jszllY3s4mSTdILVCDd8jVSSSogkqh6DKxUA==
    "@cspell/cspell-service-bus" "8.4.0"
cspell-lib@8.4.0:
  version "8.4.0"
  resolved "https://registry.yarnpkg.com/cspell-lib/-/cspell-lib-8.4.0.tgz#4717aa292f9fb1b72e7a2934b2c56cb2c16f23f7"
  integrity sha512-ZFd8a9NZXR0kGEIjMWoISXUj+buCaE9MGYbDi0sj1X1/YtHThC6nHWUwJvvT4fRa8iHT3fb6l5U0tyJFRV4Z7w==
    "@cspell/cspell-bundled-dicts" "8.4.0"
    "@cspell/cspell-pipe" "8.4.0"
    "@cspell/cspell-resolver" "8.4.0"
    "@cspell/cspell-types" "8.4.0"
    "@cspell/dynamic-import" "8.4.0"
    "@cspell/strong-weak-map" "8.4.0"
    cspell-config-lib "8.4.0"
    cspell-dictionary "8.4.0"
    cspell-glob "8.4.0"
    cspell-grammar "8.4.0"
    cspell-io "8.4.0"
    cspell-trie-lib "8.4.0"
cspell-trie-lib@8.4.0:
  version "8.4.0"
  resolved "https://registry.yarnpkg.com/cspell-trie-lib/-/cspell-trie-lib-8.4.0.tgz#428cab4962c6c7424a7a00701a9e825b8953fa35"
  integrity sha512-hsldLrvXnkjTPbhN2isDpJv3qLFWpmt0S3CFpQMUVo10f2CVrcRRXMXXjXnrlHBkMSDLx2eewUjLP2RifXJJyQ==
    "@cspell/cspell-pipe" "8.4.0"
    "@cspell/cspell-types" "8.4.0"
  version "8.4.0"
  resolved "https://registry.yarnpkg.com/cspell/-/cspell-8.4.0.tgz#c53bc4e30db57fed1bfa9b6ef3ff566fb8f0f8d2"
  integrity sha512-1PW0w51V9n6NApf8Jbfji09jyRg7gHDm4acn1UbOd+v3gkefuaofYeMyLyupY5igloeIukTkvi3mxo+vu0hpxg==
  dependencies:
    "@cspell/cspell-json-reporter" "8.4.0"
    "@cspell/cspell-pipe" "8.4.0"
    "@cspell/cspell-types" "8.4.0"
    "@cspell/dynamic-import" "8.4.0"
    commander "^12.0.0"
    cspell-gitignore "8.4.0"
    cspell-glob "8.4.0"
    cspell-io "8.4.0"
    cspell-lib "8.4.0"
    semver "^7.6.0"
define-data-property@^1.0.1, define-data-property@^1.1.1:
  version "1.1.1"
  resolved "https://registry.yarnpkg.com/define-data-property/-/define-data-property-1.1.1.tgz#c35f7cd0ab09883480d12ac5cb213715587800b3"
  integrity sha512-E7uGkTzkk1d0ByLeSc6ZsFS79Axg+m1P/VsgYsxHgiuc3tFSj+MjMIwe90FC4lOAZzNBdY7kkO2P2wKdsQ1vgQ==
    get-intrinsic "^1.2.1"
    has-property-descriptors "^1.0.0"
es-abstract@^1.22.1:
  version "1.22.3"
  resolved "https://registry.yarnpkg.com/es-abstract/-/es-abstract-1.22.3.tgz#48e79f5573198de6dee3589195727f4f74bc4f32"
  integrity sha512-eiiY8HQeYfYH2Con2berK+To6GrK2RxbPawDkGq4UiCQQfZHb6wX9qQqkbpPqaxQFcl8d9QzZqo0tGE0VcrdwA==
  dependencies:
    array-buffer-byte-length "^1.0.0"
    arraybuffer.prototype.slice "^1.0.2"
    available-typed-arrays "^1.0.5"
    call-bind "^1.0.5"
    es-set-tostringtag "^2.0.1"
    get-intrinsic "^1.2.2"
    get-symbol-description "^1.0.0"
    has-property-descriptors "^1.0.0"
    hasown "^2.0.0"
    internal-slot "^1.0.5"
    is-array-buffer "^3.0.2"
    is-typed-array "^1.1.12"
    object.assign "^4.1.4"
    regexp.prototype.flags "^1.5.1"
    safe-array-concat "^1.0.1"
    safe-regex-test "^1.0.0"
    typed-array-buffer "^1.0.0"
    which-typed-array "^1.1.13"
es-set-tostringtag@^2.0.1:
  version "0.20.1"
  resolved "https://registry.yarnpkg.com/esbuild/-/esbuild-0.20.1.tgz#1e4cbb380ad1959db7609cb9573ee77257724a3e"
  integrity sha512-OJwEgrpWm/PCMsLVWXKqvcjme3bHNpOgN7Tb6cQnR5n0TPbQx1/Xrn7rqM+wn17bYeT6MGB5sn1Bh5YiGi70nA==
    "@esbuild/aix-ppc64" "0.20.1"
    "@esbuild/android-arm" "0.20.1"
    "@esbuild/android-arm64" "0.20.1"
    "@esbuild/android-x64" "0.20.1"
    "@esbuild/darwin-arm64" "0.20.1"
    "@esbuild/darwin-x64" "0.20.1"
    "@esbuild/freebsd-arm64" "0.20.1"
    "@esbuild/freebsd-x64" "0.20.1"
    "@esbuild/linux-arm" "0.20.1"
    "@esbuild/linux-arm64" "0.20.1"
    "@esbuild/linux-ia32" "0.20.1"
    "@esbuild/linux-loong64" "0.20.1"
    "@esbuild/linux-mips64el" "0.20.1"
    "@esbuild/linux-ppc64" "0.20.1"
    "@esbuild/linux-riscv64" "0.20.1"
    "@esbuild/linux-s390x" "0.20.1"
    "@esbuild/linux-x64" "0.20.1"
    "@esbuild/netbsd-x64" "0.20.1"
    "@esbuild/openbsd-x64" "0.20.1"
    "@esbuild/sunos-x64" "0.20.1"
    "@esbuild/win32-arm64" "0.20.1"
    "@esbuild/win32-ia32" "0.20.1"
    "@esbuild/win32-x64" "0.20.1"
get-intrinsic@^1.0.2, get-intrinsic@^1.1.1, get-intrinsic@^1.1.3, get-intrinsic@^1.2.0, get-intrinsic@^1.2.1, get-intrinsic@^1.2.2:
  version "1.2.2"
  resolved "https://registry.yarnpkg.com/get-intrinsic/-/get-intrinsic-1.2.2.tgz#281b7622971123e1ef4b3c90fd7539306da93f3b"
  integrity sha512-0gSo4ml/0j98Y3lngkFEot/zhiCeWsbYIlZ+uZOVgzLyLaUw7wxUL+nCTP0XJvJg1AXulJRI3UJi8GsbDuxdGA==
get-symbol-description@^1.0.0:
  version "1.0.0"
  resolved "https://registry.yarnpkg.com/get-symbol-description/-/get-symbol-description-1.0.0.tgz#7fdb81c900101fbd564dd5f1a30af5aadc1e58d6"
  integrity sha512-2EmdH1YvIQiZpltCNgkuiUnyukzxM/R6NDJX31Ke3BG1Nq5b0S2PhX59UKi9vZpPDQVdqn+1IcaAwnzTT5vCjw==
    call-bind "^1.0.2"
    get-intrinsic "^1.1.1"
has-property-descriptors@^1.0.0:
  version "1.0.1"
  resolved "https://registry.yarnpkg.com/has-property-descriptors/-/has-property-descriptors-1.0.1.tgz#52ba30b6c5ec87fd89fa574bc1c39125c6f65340"
  integrity sha512-VsX8eaIewvas0xnvinAe9bw4WfIeODpGYikiWYLH+dma0Jw6KHYqWiWfhQlgOVK8D6PvjubK5Uc4P0iIhIcNVg==
    get-intrinsic "^1.2.2"
has-tostringtag@^1.0.0:
  version "1.0.0"
  resolved "https://registry.yarnpkg.com/has-tostringtag/-/has-tostringtag-1.0.0.tgz#7e133818a7d394734f941e73c3d3f9291e658b25"
  integrity sha512-kFjcSNhnlGV1kyoGk7OXKSawH5JOb/LzUc5w9B02hOTO0dfFRjbHQKvg1d6cf3HbeUmtU9VbbV3qzZ2Teh97WQ==
    has-symbols "^1.0.2"
hasown@^2.0.0:
  version "2.0.0"
  resolved "https://registry.yarnpkg.com/hasown/-/hasown-2.0.0.tgz#f4c513d454a57b7c7e1650778de226b11700546c"
  integrity sha512-vUptKVTpIJhcczKBbgnS+RtcuYMB8+oNzPK2/Hp3hanz8JmpATdmmgLgSaadVREkDm+e2giHwY3ZRkyjSIDDFA==
internal-slot@^1.0.5:
  version "1.0.6"
  resolved "https://registry.yarnpkg.com/internal-slot/-/internal-slot-1.0.6.tgz#37e756098c4911c5e912b8edbf71ed3aa116f930"
  integrity sha512-Xj6dv+PsbtwyPpEflsejS+oIZxmMlV44zAhG479uYu89MsjcYOhCFnNyKrkJrihbsiasQyY0afoCl/9BLR65bg==
    get-intrinsic "^1.2.2"
is-array-buffer@^3.0.1, is-array-buffer@^3.0.2:
  version "3.0.2"
  resolved "https://registry.yarnpkg.com/is-array-buffer/-/is-array-buffer-3.0.2.tgz#f2653ced8412081638ecb0ebbd0c41c6e0aecbbe"
  integrity sha512-y+FyyR/w8vfIRq4eQcM1EYgSTnmHXPqaF+IgzgraytCFq5Xh8lllDVmAZolPJiZttZLeFSINPYMaEJ7/vWUa1w==
    get-intrinsic "^1.2.0"
    is-typed-array "^1.1.10"
is-typed-array@^1.1.10, is-typed-array@^1.1.12, is-typed-array@^1.1.9:
  version "1.1.12"
  resolved "https://registry.yarnpkg.com/is-typed-array/-/is-typed-array-1.1.12.tgz#d0bab5686ef4a76f7a73097b95470ab199c57d4a"
  integrity sha512-Z14TF2JNG8Lss5/HMqt0//T9JeHXttXy5pH/DBU4vi98ozO2btxzq9MwYDZYnKwU8nRsz/+GVFVRDq3DkVuSPg==
    which-typed-array "^1.1.11"
object-inspect@^1.13.1, object-inspect@^1.9.0:
object.assign@^4.1.4:
regexp.prototype.flags@^1.5.1:
  version "1.5.1"
  resolved "https://registry.yarnpkg.com/regexp.prototype.flags/-/regexp.prototype.flags-1.5.1.tgz#90ce989138db209f81492edd734183ce99f9677e"
  integrity sha512-sy6TXMN+hnP/wMy+ISxg3krXx7BAtWVO4UouuCN/ziM9UEne0euamVNafDfvC83bRNr95y0V5iijeDQFUNpvrg==
    call-bind "^1.0.2"
    define-properties "^1.2.0"
    set-function-name "^2.0.0"
safe-array-concat@^1.0.1:
  version "1.0.1"
  resolved "https://registry.yarnpkg.com/safe-array-concat/-/safe-array-concat-1.0.1.tgz#91686a63ce3adbea14d61b14c99572a8ff84754c"
  integrity sha512-6XbUAseYE2KtOuGueyeobCySj9L4+66Tn6KQMOPQJrAJEowYKW/YR/MGJZl7FdydUdaFu4LYyDZjxf4/Nmo23Q==
    call-bind "^1.0.2"
    get-intrinsic "^1.2.1"
safe-regex-test@^1.0.0:
  version "1.0.0"
  resolved "https://registry.yarnpkg.com/safe-regex-test/-/safe-regex-test-1.0.0.tgz#793b874d524eb3640d1873aad03596db2d4f2295"
  integrity sha512-JBUUzyOgEwXQY1NuPtvcj/qcBDbDmEvWufhlnXZIm75DEHp+afM1r1ujJpJsV/gSM4t59tpDyPi1sd6ZaPFfsA==
    call-bind "^1.0.2"
    get-intrinsic "^1.1.3"
semver@7.6.0, semver@^7.0.0, semver@^7.1.1, semver@^7.3.2, semver@^7.3.4, semver@^7.3.5, semver@^7.4.0, semver@^7.5.3, semver@^7.5.4, semver@^7.6.0:
set-function-length@^1.1.1:
  version "1.1.1"
  resolved "https://registry.yarnpkg.com/set-function-length/-/set-function-length-1.1.1.tgz#4bc39fafb0307224a33e106a7d35ca1218d659ed"
  integrity sha512-VoaqjbBJKiWtg4yRcKBQ7g7wnGnLV3M8oLvVWwOk2PdYY6PEFegR1vezXR0tw6fZGF9csVakIRjrJiy2veSBFQ==
    define-data-property "^1.1.1"
    get-intrinsic "^1.2.1"
    has-property-descriptors "^1.0.0"
set-function-name@^2.0.0:
  version "1.0.4"
  resolved "https://registry.yarnpkg.com/side-channel/-/side-channel-1.0.4.tgz#efce5c8fdc104ee751b25c58d4290011fa5ea2cf"
  integrity sha512-q5XPytqFEIKHkGdiMIrY10mvLRvnQh42/+GoBlFW3b2LXLE2xxJpZFdm94we0BaoV3RwJyGqg5wS7epxTv0Zvw==
    call-bind "^1.0.0"
    get-intrinsic "^1.0.2"
    object-inspect "^1.9.0"
  version "2.3.0"
  resolved "https://registry.yarnpkg.com/spdx-exceptions/-/spdx-exceptions-2.3.0.tgz#3f28ce1a77a00372683eade4a433183527a2163d"
  integrity sha512-/tTrYOC7PPI1nUAgx34hUpqXuyJG+DTHJTnIULG4rDygi4xu/tfgmq1e1cIRwRzwZgo4NLySi+ricLkZkw4i5A==
  version "3.0.16"
  resolved "https://registry.yarnpkg.com/spdx-license-ids/-/spdx-license-ids-3.0.16.tgz#a14f64e0954f6e25cc6587bd4f392522db0d998f"
  integrity sha512-eWN+LnM3GR6gPu35WxNgbGl8rmY1AEmoMDvL/QD6zYmPWgywxWqJWNdLGT+ke8dKNWrcYgYjPpG5gbTfghP8rw==
tr46@~0.0.3:
  version "0.0.3"
  resolved "https://registry.yarnpkg.com/tr46/-/tr46-0.0.3.tgz#8184fd347dac9cdc185992f3a6622e14b9d9ab6a"
  integrity sha512-N3WMsuqV66lT30CrXNbEjx4GEwlow3v6rr4mCcv6prnfwhS01rkgyFdjPNBYd9br7LpXV1+Emh01fHnq2Gdgrw==

typed-array-buffer@^1.0.0:
  version "1.0.0"
  resolved "https://registry.yarnpkg.com/typed-array-buffer/-/typed-array-buffer-1.0.0.tgz#18de3e7ed7974b0a729d3feecb94338d1472cd60"
  integrity sha512-Y8KTSIglk9OZEr8zywiIHG/kmQ7KWyjseXs1CbSo8vC42w7hg2HgYTxSWwP0+is7bWDc1H+Fo026CpHFwm8tkw==
    call-bind "^1.0.2"
    get-intrinsic "^1.2.1"
    is-typed-array "^1.1.10"
  version "1.0.0"
  resolved "https://registry.yarnpkg.com/typed-array-byte-offset/-/typed-array-byte-offset-1.0.0.tgz#cbbe89b51fdef9cd6aaf07ad4707340abbc4ea0b"
  integrity sha512-RD97prjEt9EL8YgAgpOkf3O4IF9lhJFr9g0htQkm0rchFp/Vx7LW5Q8fSXXub7BXAODyUQohRMyOc3faCPd0hg==
    available-typed-arrays "^1.0.5"
    call-bind "^1.0.2"
    is-typed-array "^1.1.10"
webidl-conversions@^3.0.0:
  version "3.0.1"
  resolved "https://registry.yarnpkg.com/webidl-conversions/-/webidl-conversions-3.0.1.tgz#24534275e2a7bc6be7bc86611cc16ae0a5654871"
  integrity sha512-2JAn3z8AR6rjK8Sm8orRC0h/bcl/DqL7tRPdGZ4I1CjdF+EaMLmYxBHyXuKL849eucPFhvBoxMsflfOb8kxaeQ==

whatwg-url@^5.0.0:
  version "5.0.0"
  resolved "https://registry.yarnpkg.com/whatwg-url/-/whatwg-url-5.0.0.tgz#966454e8765462e37644d3626f6742ce8b70965d"
  integrity sha512-saE57nupxk6v3HY35+jzBwYa0rKSy0XR8JSxZPwgLr7ys0IBzhGviA1/TUGJLmSVqs8pb9AnvICXEuOHLprYTw==
  dependencies:
    tr46 "~0.0.3"
    webidl-conversions "^3.0.0"

which-typed-array@^1.1.11, which-typed-array@^1.1.13:
  version "1.1.13"
  resolved "https://registry.yarnpkg.com/which-typed-array/-/which-typed-array-1.1.13.tgz#870cd5be06ddb616f504e7b039c4c24898184d36"
  integrity sha512-P5Nra0qjSncduVPEAr7xhoF5guty49ArDTwzJ/yNuPIbZppyRxFQsRCWrocxIY+CnMVG+qfbU2FmDKyvSGClow==
    available-typed-arrays "^1.0.5"
    call-bind "^1.0.4"
    has-tostringtag "^1.0.0"
ws@^8.14.2:
  version "8.16.0"
  resolved "https://registry.yarnpkg.com/ws/-/ws-8.16.0.tgz#d1cd774f36fbc07165066a60e40323eab6446fd4"
  integrity sha512-HS0c//TP7Ina87TfiPUz1rQzMhHrl/SG2guqRcTOIUYD2q8uhUdNHZYJUaQ8aTGPzCh+c6oawMKW35nFl1dxyQ==
