"@babel/runtime@^7.23.6", "@babel/runtime@^7.5.5", "@babel/runtime@^7.8.7":
  version "7.23.7"
  resolved "https://registry.yarnpkg.com/@babel/runtime/-/runtime-7.23.7.tgz#dd7c88deeb218a0f8bd34d5db1aa242e0f203193"
  integrity sha512-w06OXVOFso7LcbzMiDGt+3X7Rh7Ho8MmgPoWU3rarH+8upf+wSU/grlGbWzQyr3DkdN6ZeuMFjpdwW0Q+HxobA==
  dependencies:
    regenerator-runtime "^0.14.0"

"@chakra-ui/icons@^2.1.1":
  version "2.1.1"
  resolved "https://registry.yarnpkg.com/@chakra-ui/icons/-/icons-2.1.1.tgz#58ff0f9e703f2f4f89debd600ce4e438f43f9c9a"
  integrity sha512-3p30hdo4LlRZTT5CwoAJq3G9fHI0wDc0pBaMHj4SUn0yomO+RcDRlzhdXqdr5cVnzax44sqXJVnf3oQG0eI+4g==
  dependencies:
    "@chakra-ui/icon" "3.2.0"

"@emotion/react@^11.11.3":
  version "11.11.3"
  resolved "https://registry.yarnpkg.com/@emotion/react/-/react-11.11.3.tgz#96b855dc40a2a55f52a72f518a41db4f69c31a25"
  integrity sha512-Cnn0kuq4DoONOMcnoVsTOR8E+AdnKFf//6kUWc4LCdnxj31pZWn7rIULd6Y7/Js1PiPHzn7SKCM9vB/jBni8eA==
    "@emotion/serialize" "^1.1.3"
"@emotion/serialize@^1.1.3":
  version "1.1.3"
  resolved "https://registry.yarnpkg.com/@emotion/serialize/-/serialize-1.1.3.tgz#84b77bfcfe3b7bb47d326602f640ccfcacd5ffb0"
  integrity sha512-iD4D6QVZFDhcbH0RAG1uVu1CwVLMWUkCvAqqlewO/rxf8+87yIBAlt4+AxMiiKPLs5hFc0owNk/sLLAOROw3cA==
  dependencies:
    "@emotion/hash" "^0.9.1"
    "@emotion/memoize" "^0.8.1"
    "@emotion/unitless" "^0.8.1"
    "@emotion/utils" "^1.2.1"
    csstype "^3.0.2"

"@emotion/server@^11.11.0":
  version "11.11.0"
  resolved "https://registry.yarnpkg.com/@emotion/server/-/server-11.11.0.tgz#35537176a2a5ed8aed7801f254828e636ec3bd6e"
  integrity sha512-6q89fj2z8VBTx9w93kJ5n51hsmtYuFPtZgnc1L8VzRx9ti4EU6EyvF6Nn1H1x3vcCQCF7u2dB2lY4AYJwUW4PA==
  dependencies:
    "@emotion/utils" "^1.2.1"
    html-tokenize "^2.0.0"
    multipipe "^1.0.2"
    through "^2.3.8"

"@floating-ui/core@^1.4.2":
  version "1.5.2"
  resolved "https://registry.yarnpkg.com/@floating-ui/core/-/core-1.5.2.tgz#53a0f7a98c550e63134d504f26804f6b83dbc071"
  integrity sha512-Ii3MrfY/GAIN3OhXNzpCKaLxHQfJF9qvwq/kEJYdqDxeIHa01K8sldugal6TmeeXl+WMvhv9cnVzUTaFFJF09A==
  dependencies:
    "@floating-ui/utils" "^0.1.3"

"@floating-ui/dom@^1.5.1":
  version "1.5.3"
  resolved "https://registry.yarnpkg.com/@floating-ui/dom/-/dom-1.5.3.tgz#54e50efcb432c06c23cd33de2b575102005436fa"
  integrity sha512-ClAbQnEqJAKCJOEbbLo5IUlZHkNszqhuxS4fHAVxRPXPya6Ysf2G8KypnYcOTpx6I8xcgF9bbHb6g/2KpbV8qA==
  dependencies:
    "@floating-ui/core" "^1.4.2"
    "@floating-ui/utils" "^0.1.3"

"@floating-ui/react-dom@^2.0.4":
  version "2.0.4"
  resolved "https://registry.yarnpkg.com/@floating-ui/react-dom/-/react-dom-2.0.4.tgz#b076fafbdfeb881e1d86ae748b7ff95150e9f3ec"
  integrity sha512-CF8k2rgKeh/49UrnIBs4BdxPUV6vize/Db1d/YbCLyp9GiVZ0BEwf5AiDSxJRCr6yOkGqTFHtmrULxkEfYZ7dQ==
  dependencies:
    "@floating-ui/dom" "^1.5.1"

"@floating-ui/utils@^0.1.3":
  version "0.1.6"
  resolved "https://registry.yarnpkg.com/@floating-ui/utils/-/utils-0.1.6.tgz#22958c042e10b67463997bd6ea7115fe28cbcaf9"
  integrity sha512-OfX7E2oUDYxtBvsuS4e/jSn4Q9Qb6DzgeYtsAdkPZ47znpoNsMgZw0+tVijiv3uGNR6dgNlty6r9rzIzHjtd/A==

"@mui/base@5.0.0-beta.29":
  version "5.0.0-beta.29"
  resolved "https://registry.yarnpkg.com/@mui/base/-/base-5.0.0-beta.29.tgz#bc50d1dbb825c0546603ea711907a01467be014a"
  integrity sha512-OXfUssYrB6ch/xpBVHMKAjThPlI9VyGGKdvQLMXef2j39wXfcxPlUVQlwia/lmE3rxWIGvbwkZsDtNYzLMsDUg==
  dependencies:
    "@babel/runtime" "^7.23.6"
    "@floating-ui/react-dom" "^2.0.4"
    "@mui/types" "^7.2.11"
    "@mui/utils" "^5.15.2"
    "@popperjs/core" "^2.11.8"
    clsx "^2.0.0"
    prop-types "^15.8.1"

"@mui/core-downloads-tracker@^5.15.2":
  version "5.15.2"
  resolved "https://registry.yarnpkg.com/@mui/core-downloads-tracker/-/core-downloads-tracker-5.15.2.tgz#eaf6f9faf7f8c4ef486693ace1237c6c7f4e3812"
  integrity sha512-0vk4ckS2w1F5PmkSXSd7F/QuRlNcPqWTJ8CPl+HQRLTIhJVS/VKEI+3dQufOdKfn2wS+ecnvlvXerbugs+xZ8Q==

"@mui/icons-material@^5.15.2":
  version "5.15.2"
  resolved "https://registry.yarnpkg.com/@mui/icons-material/-/icons-material-5.15.2.tgz#d988bee4f49a9785b847a1672924b0192dcd227b"
  integrity sha512-Vs0Z6cd6ieTavMjqPvIJJfwsKaCLdRSErk5LjKdZlBqk7r2SR6roDyhVTQuZOeCzjEFj0qZ4iVPp2DJZRwuYbw==
  dependencies:
    "@babel/runtime" "^7.23.6"

"@mui/material-nextjs@^5.15.0":
  version "5.15.0"
  resolved "https://registry.yarnpkg.com/@mui/material-nextjs/-/material-nextjs-5.15.0.tgz#a5bceb1f9d6848640b9661852a80193519527431"
  integrity sha512-UC3lnoRqJXoWUBeekqjxC4CpxMElz4D4bBCegOhrm80qGV1cP5TBJGjalqoSUq6HSl+COVv6u//AjjIMKCj/qA==

"@mui/material@^5.15.2":
  version "5.15.2"
  resolved "https://registry.yarnpkg.com/@mui/material/-/material-5.15.2.tgz#a98df5812f22f7af7f68092787297b86f563dbf1"
  integrity sha512-JnoIrpNmEHG5uC1IyEdgsnDiaiuCZnUIh7f9oeAr87AvBmNiEJPbo7XrD7kBTFWwp+b97rQ12QdSs9CLhT2n/A==
  dependencies:
    "@babel/runtime" "^7.23.6"
    "@mui/base" "5.0.0-beta.29"
    "@mui/core-downloads-tracker" "^5.15.2"
    "@mui/system" "^5.15.2"
    "@mui/types" "^7.2.11"
    "@mui/utils" "^5.15.2"
    "@types/react-transition-group" "^4.4.10"
    clsx "^2.0.0"
    csstype "^3.1.2"
    prop-types "^15.8.1"
    react-is "^18.2.0"
    react-transition-group "^4.4.5"

"@mui/private-theming@^5.15.2":
  version "5.15.2"
  resolved "https://registry.yarnpkg.com/@mui/private-theming/-/private-theming-5.15.2.tgz#8a3f1e6c800dc48d7742cfafea336e765f80085f"
  integrity sha512-KlXx5TH1Mw9omSY+Q6rz5TA/P71meSYaAOeopiW8s6o433+fnOxS17rZbmd1RnDZGCo+j24TfCavQuCMBAZnQA==
  dependencies:
    "@babel/runtime" "^7.23.6"
    "@mui/utils" "^5.15.2"
    prop-types "^15.8.1"

"@mui/styled-engine@^5.15.2":
  version "5.15.2"
  resolved "https://registry.yarnpkg.com/@mui/styled-engine/-/styled-engine-5.15.2.tgz#3acf1c56275ccab9fa6028209537c49eec8397b3"
  integrity sha512-fYEN3IZzbebeHwAmQHhxwruiOIi8W74709qXg/7tgtHV4byQSmPgnnKsZkg0hFlzjEbcJIRZyZI0qEecgpR2cg==
  dependencies:
    "@babel/runtime" "^7.23.6"
    "@emotion/cache" "^11.11.0"
    csstype "^3.1.2"
    prop-types "^15.8.1"

"@mui/system@^5.15.2":
  version "5.15.2"
  resolved "https://registry.yarnpkg.com/@mui/system/-/system-5.15.2.tgz#13e618355b973729fbb39bd49dce46a7e88cbe28"
  integrity sha512-I7CzLiHDtU/BTobJgSk+wPGGWG95K8lYfdFEnq//wOgSrLDAdOVvl2gleDxJWO+yAbGz4RKEOnR9KuD+xQZH4A==
  dependencies:
    "@babel/runtime" "^7.23.6"
    "@mui/private-theming" "^5.15.2"
    "@mui/styled-engine" "^5.15.2"
    "@mui/types" "^7.2.11"
    "@mui/utils" "^5.15.2"
    clsx "^2.0.0"
    csstype "^3.1.2"
    prop-types "^15.8.1"

"@mui/types@^7.2.11":
  version "7.2.11"
  resolved "https://registry.yarnpkg.com/@mui/types/-/types-7.2.11.tgz#36b99a88f8010dc716128e568dc05681a69dc7ae"
  integrity sha512-KWe/QTEsFFlFSH+qRYf3zoFEj3z67s+qAuSnMMg+gFwbxG7P96Hm6g300inQL1Wy///gSRb8juX7Wafvp93m3w==

"@mui/utils@^5.15.2":
  version "5.15.2"
  resolved "https://registry.yarnpkg.com/@mui/utils/-/utils-5.15.2.tgz#9c66994cf2a370baee1bd49ae408ab149280f7a6"
  integrity sha512-6dGM9/guFKBlFRHA7/mbM+E7wE7CYDy9Ny4JLtD3J+NTyhi8nd8YxlzgAgTaTVqY0BpdQ2zdfB/q6+p2EdGM0w==
  dependencies:
    "@babel/runtime" "^7.23.6"
    "@types/prop-types" "^15.7.11"
    prop-types "^15.8.1"
    react-is "^18.2.0"

"@popperjs/core@^2.11.8", "@popperjs/core@^2.9.3":
"@types/prop-types@*", "@types/prop-types@^15.7.11":
"@types/react-transition-group@^4.4.10":
  version "4.4.10"
  resolved "https://registry.yarnpkg.com/@types/react-transition-group/-/react-transition-group-4.4.10.tgz#6ee71127bdab1f18f11ad8fb3322c6da27c327ac"
  integrity sha512-hT/+s0VQs2ojCX823m60m5f0sL5idt9SO6Tj6Dg+rdphGPIeJbJ6CxvBYkgkGKrYeDjvIpKTR38UzmtHJOGW3Q==
  dependencies:
    "@types/react" "*"

buffer-from@~0.1.1:
  version "0.1.2"
  resolved "https://registry.yarnpkg.com/buffer-from/-/buffer-from-0.1.2.tgz#15f4b9bcef012044df31142c14333caf6e0260d0"
  integrity sha512-RiWIenusJsmI2KcvqQABB83tLxCByE3upSP8QU3rJDMVFGPWLvPQJt/O1Su9moRWeH7d+Q2HYb68f6+v+tw2vg==

client-only@0.0.1, client-only@^0.0.1:
clsx@^2.0.0:
  version "2.1.0"
  resolved "https://registry.yarnpkg.com/clsx/-/clsx-2.1.0.tgz#e851283bcb5c80ee7608db18487433f7b23f77cb"
  integrity sha512-m3iNNWpd9rl3jvvcBnu70ylMdrXt8Vlq4HYadnU5fwcOtvkSQWPmj7amUcDT2qYI7risszBjI5AUIUox9D16pg==

core-util-is@~1.0.0:
  version "1.0.3"
  resolved "https://registry.yarnpkg.com/core-util-is/-/core-util-is-1.0.3.tgz#a6042d3634c2b27e9328f837b965fac83808db85"
  integrity sha512-ZQBvi1DcpJ4GDqanjucZ2Hj3wEO5pZDS89BWbkcrvdxksJorwUDDZamX9ldFkp9aw2lmBDLgkObEA4DWNJ9FYQ==

dom-helpers@^5.0.1:
  version "5.2.1"
  resolved "https://registry.yarnpkg.com/dom-helpers/-/dom-helpers-5.2.1.tgz#d9400536b2bf8225ad98fe052e029451ac40e902"
  integrity sha512-nRCa7CK3VTrM2NmGkIy4cbK7IZlgBE/PYMn55rrXefr5xXDP0LdtfPnblFDoVdcAfslJ7or6iqAUnx0CCGIWQA==
  dependencies:
    "@babel/runtime" "^7.8.7"
    csstype "^3.0.2"

duplexer2@^0.1.2:
  version "0.1.4"
  resolved "https://registry.yarnpkg.com/duplexer2/-/duplexer2-0.1.4.tgz#8b12dab878c0d69e3e7891051662a32fc6bddcc1"
  integrity sha512-asLFVfWWtJ90ZyOUHMqk7/S2w2guQKxUI2itj3d92ADHhxUSbCMGi1f1cBcJ7xM1To+pE/Khbwo1yuNbMEPKeA==
  dependencies:
    readable-stream "^2.0.2"

html-tokenize@^2.0.0:
  version "2.0.1"
  resolved "https://registry.yarnpkg.com/html-tokenize/-/html-tokenize-2.0.1.tgz#c3b2ea6e2837d4f8c06693393e9d2a12c960be5f"
  integrity sha512-QY6S+hZ0f5m1WT8WffYN+Hg+xm/w5I8XeUcAq/ZYP5wVC8xbKi4Whhru3FtrAebD5EhBW8rmFzkDI6eCAuFe2w==
  dependencies:
    buffer-from "~0.1.1"
    inherits "~2.0.1"
    minimist "~1.2.5"
    readable-stream "~1.0.27-1"
    through2 "~0.4.1"

inherits@2, inherits@~2.0.1, inherits@~2.0.3:
isarray@0.0.1:
  version "0.0.1"
  resolved "https://registry.yarnpkg.com/isarray/-/isarray-0.0.1.tgz#8a18acfca9a8f4177e09abfc6038939b05d1eedf"
  integrity sha512-D2S+3GLxWH+uhrNEcoh/fnmYeP8E8/zHl644d/jdA0g2uyXvy3sb0qxotE+ne0LtccHknQzWwZEzhak7oJ0COQ==

isarray@~1.0.0:
  version "1.0.0"
  resolved "https://registry.yarnpkg.com/isarray/-/isarray-1.0.0.tgz#bb935d48582cba168c06834957a54a3e07124f11"
  integrity sha512-VLghIWNM6ELQzo7zwmcg0NmTVyWKYjvIeM83yjp0wRDTmUnrM678fQbcKBo6n2CJEF0szoG//ytg+TKla89ALQ==

minimist@^1.2.0, minimist@^1.2.6, minimist@~1.2.5:
multipipe@^1.0.2:
  version "1.0.2"
  resolved "https://registry.yarnpkg.com/multipipe/-/multipipe-1.0.2.tgz#cc13efd833c9cda99f224f868461b8e1a3fd939d"
  integrity sha512-6uiC9OvY71vzSGX8lZvSqscE7ft9nPupJ8fMjrCNRAUy2LREUW42UL+V/NTrogr6rFgRydUrCX4ZitfpSNkSCQ==
  dependencies:
    duplexer2 "^0.1.2"
    object-assign "^4.1.0"

object-assign@^4.0.1, object-assign@^4.1.0, object-assign@^4.1.1:
object-keys@~0.4.0:
  version "0.4.0"
  resolved "https://registry.yarnpkg.com/object-keys/-/object-keys-0.4.0.tgz#28a6aae7428dd2c3a92f3d95f21335dd204e0336"
  integrity sha512-ncrLw+X55z7bkl5PnUvHwFK9FcGuFYo9gtjws2XtSzL+aZ8tm830P60WJ0dSmFVaSalWieW5MD7kEdnXda9yJw==

process-nextick-args@~2.0.0:
  version "2.0.1"
  resolved "https://registry.yarnpkg.com/process-nextick-args/-/process-nextick-args-2.0.1.tgz#7820d9b16120cc55ca9ae7792680ae7dba6d7fe2"
  integrity sha512-3ouUOpQhtgrbOa17J7+uxOTpITYWaGP7/AhoR3+A+/1e9skrzelGi/dXzEYyvbxubEF6Wn2ypscTKiKJFFn1ag==

react-is@^18.2.0:
  version "18.2.0"
  resolved "https://registry.yarnpkg.com/react-is/-/react-is-18.2.0.tgz#199431eeaaa2e09f86427efbb4f1473edb47609b"
  integrity sha512-xWGDIW6x921xtzPkhiULtthJHoJvBbF3q26fzloPCK0hsvxtPVelvftw3zjbHWSkR2km9Z+4uxbDDK/6Zw9B8w==

react-transition-group@^4.4.5:
  version "4.4.5"
  resolved "https://registry.yarnpkg.com/react-transition-group/-/react-transition-group-4.4.5.tgz#e53d4e3f3344da8521489fbef8f2581d42becdd1"
  integrity sha512-pZcd1MCJoiKiBR2NRxeCRg13uCXbydPnmB4EOeRrY7480qNWO8IIgQG6zlDkm6uRMsURXPuKq0GWtiM59a5Q6g==
  dependencies:
    "@babel/runtime" "^7.5.5"
    dom-helpers "^5.0.1"
    loose-envify "^1.4.0"
    prop-types "^15.6.2"

readable-stream@^2.0.2:
  version "2.3.8"
  resolved "https://registry.yarnpkg.com/readable-stream/-/readable-stream-2.3.8.tgz#91125e8042bba1b9887f49345f6277027ce8be9b"
  integrity sha512-8p0AUk4XODgIewSi0l8Epjs+EVnWiK7NoDIEGU0HhE7+ZyY8D1IMY7odu5lRrFXGg71L15KG8QrPmum45RTtdA==
  dependencies:
    core-util-is "~1.0.0"
    inherits "~2.0.3"
    isarray "~1.0.0"
    process-nextick-args "~2.0.0"
    safe-buffer "~5.1.1"
    string_decoder "~1.1.1"
    util-deprecate "~1.0.1"

readable-stream@~1.0.17, readable-stream@~1.0.27-1:
  version "1.0.34"
  resolved "https://registry.yarnpkg.com/readable-stream/-/readable-stream-1.0.34.tgz#125820e34bc842d2f2aaafafe4c2916ee32c157c"
  integrity sha512-ok1qVCJuRkNmvebYikljxJA/UEsKwLl2nI1OmaqAu4/UE+h0wKCHok4XkL/gvi39OacXvw59RJUOFUkDib2rHg==
  dependencies:
    core-util-is "~1.0.0"
    inherits "~2.0.1"
    isarray "0.0.1"
    string_decoder "~0.10.x"

safe-buffer@~5.1.0, safe-buffer@~5.1.1:
  version "5.1.2"
  resolved "https://registry.yarnpkg.com/safe-buffer/-/safe-buffer-5.1.2.tgz#991ec69d296e0313747d59bdfd2b745c35f8828d"
  integrity sha512-Gd2UZBJDkXlY7GbJxfsE8/nvKkUEU1G38c1siN6QP6a9PT9MmHB8GnpscSmMJSoF8LOIrt8ud/wPtojys4G6+g==

string_decoder@~0.10.x:
  version "0.10.31"
  resolved "https://registry.yarnpkg.com/string_decoder/-/string_decoder-0.10.31.tgz#62e203bc41766c6c28c9fc84301dab1c5310fa94"
  integrity sha512-ev2QzSzWPYmy9GuqfIVildA4OdcGLeFZQrq5ys6RtiuF+RQQiZWr8TZNyAcuVXyQRYfEO+MsoB/1BuQVhOJuoQ==

string_decoder@~1.1.1:
  version "1.1.1"
  resolved "https://registry.yarnpkg.com/string_decoder/-/string_decoder-1.1.1.tgz#9cf1611ba62685d7030ae9e4ba34149c3af03fc8"
  integrity sha512-n/ShnvDi6FHbbVfviro+WojiFzv+s8MPMHBczVePfUpDJLwoLT0ht1l4YwBCbi8pJAveEEdnkHyPyTP/mzRfwg==
  dependencies:
    safe-buffer "~5.1.0"

swr@^2.2.4:
  version "2.2.4"
  resolved "https://registry.yarnpkg.com/swr/-/swr-2.2.4.tgz#03ec4c56019902fbdc904d78544bd7a9a6fa3f07"
  integrity sha512-njiZ/4RiIhoOlAaLYDqwz5qH/KZXVilRLvomrx83HjzCWTfa+InyfAjv05PSFxnmLzZkNO9ZfvgoqzAaEI4sGQ==
  dependencies:
    client-only "^0.0.1"
    use-sync-external-store "^1.2.0"

through2@~0.4.1:
  version "0.4.2"
  resolved "https://registry.yarnpkg.com/through2/-/through2-0.4.2.tgz#dbf5866031151ec8352bb6c4db64a2292a840b9b"
  integrity sha512-45Llu+EwHKtAZYTPPVn3XZHBgakWMN3rokhEv5hu596XP+cNgplMg+Gj+1nmAvj+L0K7+N49zBKx5rah5u0QIQ==
  dependencies:
    readable-stream "~1.0.17"
    xtend "~2.1.1"

through@^2.3.8:
  version "2.3.8"
  resolved "https://registry.yarnpkg.com/through/-/through-2.3.8.tgz#0dd4c9ffaabc357960b1b724115d7e0e86a2e1f5"
  integrity sha512-w89qg7PI8wAdvX60bMDP+bFoD5Dvhm9oLheFp5O4a2QF0cSBGsBX4qZmadPMvVqlLJBBci+WqGGOAPvcDeNSVg==

use-sync-external-store@^1.2.0:
  version "1.2.0"
  resolved "https://registry.yarnpkg.com/use-sync-external-store/-/use-sync-external-store-1.2.0.tgz#7dbefd6ef3fe4e767a0cf5d7287aacfb5846928a"
  integrity sha512-eEgnFxGQ1Ife9bzYs6VLi8/4X6CObHMw9Qr9tPY43iKwsPw8xE8+EFsf/2cFZ5S3esXgpWgtSCtLNS41F+sKPA==

util-deprecate@^1.0.2, util-deprecate@~1.0.1:
xtend@~2.1.1:
  version "2.1.2"
  resolved "https://registry.yarnpkg.com/xtend/-/xtend-2.1.2.tgz#6efecc2a4dad8e6962c4901b337ce7ba87b5d28b"
  integrity sha512-vMNKzr2rHP9Dp/e1NQFnLQlwlhp9L/LfvnsVdHxN1f+uggyVI3i08uD14GPvCToPkdsRfyPqIyYGmIk58V98ZQ==
  dependencies:
    object-keys "~0.4.0"
