antd-img-crop@^4.12.2:
  version "4.12.2"
  resolved "https://registry.yarnpkg.com/antd-img-crop/-/antd-img-crop-4.12.2.tgz#28d3fe752d0b0b6d6bae1bb8303f3aefe04e0470"
  integrity sha512-xgxR3x2sg+tCBHMfx1gejEfhhvnIL2mpZ4OIPfQDJZTTfm9YpMqaqLF9qWbF9Nf83bXCdaQywYihcVGyw3niDg==
  dependencies:
    compare-versions "6.0.0-rc.1"
    react-easy-crop "^4.7.4"
    tslib "^2.5.0"

compare-versions@6.0.0-rc.1:
  version "6.0.0-rc.1"
  resolved "https://registry.yarnpkg.com/compare-versions/-/compare-versions-6.0.0-rc.1.tgz#93e6beb8767c2375333ee168fa64c28b75ace2c6"
  integrity sha512-cFhkjbGY1jLFWIV7KegECbfuyYPxSGvgGkdkfM+ibboQDoPwg2FRHm5BSNTOApiauRBzJIQH7qvOJs2sW5ueKQ==

normalize-wheel@^1.0.1:
  version "1.0.1"
  resolved "https://registry.yarnpkg.com/normalize-wheel/-/normalize-wheel-1.0.1.tgz#aec886affdb045070d856447df62ecf86146ec45"
  integrity sha512-1OnlAPZ3zgrk8B91HyRj+eVv+kS5u+Z0SCsak6Xil/kmgEia50ga7zfkumayonZrImffAxPU/5WcyGhzetHNPA==

react-easy-crop@^4.7.4:
  version "4.7.4"
  resolved "https://registry.yarnpkg.com/react-easy-crop/-/react-easy-crop-4.7.4.tgz#3106bfb3de371d9393aedc0b9ae1fb97c2b9f722"
  integrity sha512-oDi1375Jo/zuPUvo3oauxnNbfy8L4wsbmHD1KB2vT55fdgu+q8/K0w/rDWzy9jz4jfQ94Q9+3Yu366sDDFVmiA==
  dependencies:
    normalize-wheel "^1.0.1"
    tslib "2.0.1"

tslib@2.0.1:
  version "2.0.1"
  resolved "https://registry.yarnpkg.com/tslib/-/tslib-2.0.1.tgz#410eb0d113e5b6356490eec749603725b021b43e"
  integrity sha512-SgIkNheinmEBgx1IUNirK0TUD4X9yjjBRTqqjggWCU3pUEqIk3/Uwl3yRixYKT6WjQuGiwDv4NomL3wqRCj+CQ==

tslib@^2.5.0:
  version "2.5.3"
  resolved "https://registry.yarnpkg.com/tslib/-/tslib-2.5.3.tgz#24944ba2d990940e6e982c4bea147aba80209913"
  integrity sha512-mSxlJJwl3BMEQCUNnxXBU9jP4JBktcEGhURcPR6VQVlnP0FdDEsIaz0C35dXNGLyRfrATNofF0F5p2KPxQgB+w==
