"@types/ethereum-protocol@^1.0.5":
  version "1.0.5"
  resolved "https://registry.yarnpkg.com/@types/ethereum-protocol/-/ethereum-protocol-1.0.5.tgz#6ad4c2c722d440d1f59e0d7e44a0fbb5fad2c41b"
  integrity sha512-4wr+t2rYbwMmDrT447SGzE/43Z0EN++zyHCBoruIx32fzXQDxVa1rnQbYwPO8sLP2OugE/L8KaAIJC5kieUuBg==
  dependencies:
    bignumber.js "7.2.1"

bignumber.js@7.2.1:
  version "7.2.1"
  resolved "https://registry.yarnpkg.com/bignumber.js/-/bignumber.js-7.2.1.tgz#80c048759d826800807c4bfd521e50edbba57a5f"
  integrity sha512-S4XzBk5sMB+Rcb/LNcpzXr57VRTxgAvaAEDAl1AwRx27j00hT84O6OkteE7u8UB3NuaaygCRrEpqox4uDOrbdQ==
