"@headlessui/react@^1.7.17":
  version "1.7.17"
  resolved "https://registry.yarnpkg.com/@headlessui/react/-/react-1.7.17.tgz#a0ec23af21b527c030967245fd99776aa7352bc6"
  integrity sha512-4am+tzvkqDSSgiwrsEpGWqgGo9dz8qU5M3znCkC4PgkpY4HcCZzEDEvozltGGGHIKl9jbXbZPSH5TWn4sWJdow==
  dependencies:
    client-only "^0.0.1"

"@icons/material@^0.2.4":
  version "0.2.4"
  resolved "https://registry.yarnpkg.com/@icons/material/-/material-0.2.4.tgz#e90c9f71768b3736e76d7dd6783fc6c2afa88bc8"
  integrity sha512-QPcGmICAPbGLGb6F/yNf/KzKqvFx8z5qx3D1yFqVAjoFmXK35EgyW+cJ57Te3CNsmzblwtzakLGFqHPqrfb4Tw==

client-only@^0.0.1:
  version "0.0.1"
  resolved "https://registry.yarnpkg.com/client-only/-/client-only-0.0.1.tgz#38bba5d403c41ab150bff64a95c85013cf73bca1"
  integrity sha512-IV3Ou0jSMzZrd3pZ48nLkT9DA7Ag1pnPzaiQhpW7c3RbcqqzvzzVu+L8gfqMp/8IM2MQtSiqaCxrrcfu8I8rMA==

lodash-es@^4.17.15:
  version "4.17.21"
  resolved "https://registry.yarnpkg.com/lodash-es/-/lodash-es-4.17.21.tgz#43e626c46e6591b7750beb2b50117390c609e3ee"
  integrity sha512-mKnC+QJ9pWVzv+C4/U3rRsHapFfHvQFoFB92e52xeyGMcX6/OlIl78je1u8vePzYZSkkogMPJ2yjxxsb89cxyw==

lodash@^4.0.1, lodash@^4.17.15, lodash@^4.17.21:
material-colors@^1.2.1:
  version "1.2.6"
  resolved "https://registry.yarnpkg.com/material-colors/-/material-colors-1.2.6.tgz#6d1958871126992ceecc72f4bcc4d8f010865f46"
  integrity sha512-6qE4B9deFBIa9YSpOc9O0Sgc43zTeVYbgDT5veRKSlB2+ZuHNoVVxA1L/ckMUayV9Ay9y7Z/SZCLcGteW9i7bg==

prop-types@^15.0.0, prop-types@^15.5.0, prop-types@^15.5.10, prop-types@^15.6.0, prop-types@^15.6.2, prop-types@^15.7.2, prop-types@^15.8.1:
react-color@^2.19.3:
  version "2.19.3"
  resolved "https://registry.yarnpkg.com/react-color/-/react-color-2.19.3.tgz#ec6c6b4568312a3c6a18420ab0472e146aa5683d"
  integrity sha512-LEeGE/ZzNLIsFWa1TMe8y5VYqr7bibneWmvJwm1pCn/eNmrabWDh659JSPn9BuaMpEfU83WTOJfnCcjDZwNQTA==
  dependencies:
    "@icons/material" "^0.2.4"
    lodash "^4.17.15"
    lodash-es "^4.17.15"
    material-colors "^1.2.1"
    prop-types "^15.5.10"
    reactcss "^1.2.0"
    tinycolor2 "^1.4.1"

react-tabs@4:
  version "4.3.0"
  resolved "https://registry.yarnpkg.com/react-tabs/-/react-tabs-4.3.0.tgz#9f4db0fd209ba4ab2c1e78993ff964435f84af62"
  integrity sha512-2GfoG+f41kiBIIyd3gF+/GRCCYtamC8/2zlAcD8cqQmqI9Q+YVz7fJLHMmU9pXDVYYHpJeCgUSBJju85vu5q8Q==
  dependencies:
    clsx "^1.1.0"
    prop-types "^15.5.0"

reactcss@^1.2.0:
  version "1.2.3"
  resolved "https://registry.yarnpkg.com/reactcss/-/reactcss-1.2.3.tgz#c00013875e557b1cf0dfd9a368a1c3dab3b548dd"
  integrity sha512-KiwVUcFu1RErkI97ywr8nvx8dNOpT03rbnma0SSalTYjkrPYaEajR4a/MRt6DZ46K6arDRbWMNHF+xH7G7n/8A==
  dependencies:
    lodash "^4.0.1"

    "@headlessui/react" "^1.7.17"
    react-color "^2.19.3"
    react-tabs "4"
    readable-web-to-node-stream "^3.0.2"
    taxonium_data_handling "file:../../../../Library/Caches/Yarn/v6/npm-taxonium-component-0.0.0-029ee0ff-9a4e-4868-83ff-eed48aa56d72-1694821384497/node_modules/taxonium_data_handling"
tinycolor2@^1.4.1:
  version "1.6.0"
  resolved "https://registry.yarnpkg.com/tinycolor2/-/tinycolor2-1.6.0.tgz#f98007460169b0263b97072c5ae92484ce02d09e"
  integrity sha512-XPaBkWQJdsf3pLKJV9p4qN/S+fm2Oj8AIPo1BTUhg5oxkvm9+SVEGFdhyOz7tTdUTfvxMiAs4sp6/eZO2Ew+pw==
