    "content-hash": "7418e7cfffc2c02d43fe999d95766729",
            "version": "v6.1.7",
                "reference": "0e6c6da1c581b7a6fa555da1ccd90260b5bbc495"
                "url": "https://api.github.com/repos/php-stubs/acf-pro-stubs/zipball/0e6c6da1c581b7a6fa555da1ccd90260b5bbc495",
                "reference": "0e6c6da1c581b7a6fa555da1ccd90260b5bbc495",
                "source": "https://github.com/php-stubs/acf-pro-stubs/tree/v6.1.7"
            "time": "2023-07-21T09:18:17+00:00"
            "version": "v8.0.1",
                "reference": "0391da1ba19087d4e0656a6d49382b92d1581dda"
                "url": "https://api.github.com/repos/php-stubs/woocommerce-stubs/zipball/0391da1ba19087d4e0656a6d49382b92d1581dda",
                "reference": "0391da1ba19087d4e0656a6d49382b92d1581dda",
                "source": "https://github.com/php-stubs/woocommerce-stubs/tree/v8.0.1"
            "time": "2023-08-09T19:28:25+00:00"
            "version": "v6.3.0",
                "reference": "adda7609e71d5f4dc7b87c74f8ec9e3437d2e92c"
                "url": "https://api.github.com/repos/php-stubs/wordpress-stubs/zipball/adda7609e71d5f4dc7b87c74f8ec9e3437d2e92c",
                "reference": "adda7609e71d5f4dc7b87c74f8ec9e3437d2e92c",
                "nikic/php-parser": "^4.13",
                "php": "^7.4 || ~8.0.0",
                "source": "https://github.com/php-stubs/wordpress-stubs/tree/v6.3.0"
            "time": "2023-08-10T16:34:11+00:00"